
Microsoft Visual Studio Solution File, Format Version 12.00
# Visual Studio Version 16
VisualStudioVersion = 16.0.29519.87
MinimumVisualStudioVersion = 10.0.40219.1
Project("{FAE04EC0-301F-11D3-BF4B-00C04F79EFBC}") = "ApiRestDesarrollo", "ApiRestDesarrollo.csproj", "{28F2D47D-A155-4877-A82C-74A86AB16CF6}"
EndProject
Global
	GlobalSection(SolutionConfigurationPlatforms) = preSolution
		Debug|Any CPU = Debug|Any CPU
		Release|Any CPU = Release|Any CPU
	EndGlobalSection
	GlobalSection(ProjectConfigurationPlatforms) = postSolution
		{28F2D47D-A155-4877-A82C-74A86AB16CF6}.Debug|Any CPU.ActiveCfg = Debug|Any CPU
		{28F2D47D-A155-4877-A82C-74A86AB16CF6}.Debug|Any CPU.Build.0 = Debug|Any CPU
		{28F2D47D-A155-4877-A82C-74A86AB16CF6}.Release|Any CPU.ActiveCfg = Release|Any CPU
		{28F2D47D-A155-4877-A82C-74A86AB16CF6}.Release|Any CPU.Build.0 = Release|Any CPU
	EndGlobalSection
	GlobalSection(SolutionProperties) = preSolution
		HideSolutionNode = FALSE
	EndGlobalSection
	GlobalSection(ExtensibilityGlobals) = postSolution
		SolutionGuid = {8553DBA1-627B-4779-AC86-22CD1A5E5CF4}
	EndGlobalSection
EndGlobal
